
Microsoft Visual Studio Solution File, Format Version 12.00
# Visual Studio Version 16
VisualStudioVersion = 16.0.30204.135
MinimumVisualStudioVersion = 10.0.40219.1
Project("{FAE04EC0-301F-11D3-BF4B-00C04F79EFBC}") = "MySerialPortApp", "MySerialPortApp\MySerialPortApp.csproj", "{3D2DCD57-D4F1-427E-8F1C-FDCBB9F97DE5}"
EndProject
Global
	GlobalSection(SolutionConfigurationPlatforms) = preSolution
		Debug|Any CPU = Debug|Any CPU
		Release|Any CPU = Release|Any CPU
	EndGlobalSection
	GlobalSection(ProjectConfigurationPlatforms) = postSolution
		{3D2DCD57-D4F1-427E-8F1C-FDCBB9F97DE5}.Debug|Any CPU.ActiveCfg = Debug|Any CPU
		{3D2DCD57-D4F1-427E-8F1C-FDCBB9F97DE5}.Debug|Any CPU.Build.0 = Debug|Any CPU
		{3D2DCD57-D4F1-427E-8F1C-FDCBB9F97DE5}.Release|Any CPU.ActiveCfg = Release|Any CPU
		{3D2DCD57-D4F1-427E-8F1C-FDCBB9F97DE5}.Release|Any CPU.Build.0 = Release|Any CPU
	EndGlobalSection
	GlobalSection(SolutionProperties) = preSolution
		HideSolutionNode = FALSE
	EndGlobalSection
	GlobalSection(ExtensibilityGlobals) = postSolution
		SolutionGuid = {5015E797-008A-4C44-9F79-7724E37512F7}
	EndGlobalSection
EndGlobal
